{
  "name": "agentnet-a2a-interop",
  "lockfileVersion": 3,
  "requires": true,
  "packages": {
    "": {
      "name": "agentnet-a2a-interop",
      "dependencies": {
        "@a2a-js/sdk": "1.2.1",
        "@bufbuild/protobuf": "2.10.2"
      },
      "engines": {
        "node": ">=20"
      }
    },
    "node_modules/@a2a-js/sdk": {
      "version": "1.2.1",
      "resolved": "https://registry.npmjs.org/@a2a-js/sdk/-/sdk-1.2.1.tgz",
      "integrity": "sha512-czCgk8Hw5TKgL0y9peDcxhHV3gGlVE8cHwPMhDOKoGM1QMsDCP1G8Fma6Snnpnr7Ci/U/1f0bFHnCyd7YnmioA==",
      "license": "Apache-2.0",
      "dependencies": {
        "jose": "^6.2.3"
      },
      "engines": {
        "node": ">=20"
      },
      "peerDependencies": {
        "@bufbuild/protobuf": "^2.10.2",
        "@grpc/grpc-js": "^1.11.0",
        "express": "^4.21.2 || ^5.1.0"
      },
      "peerDependenciesMeta": {
        "@bufbuild/protobuf": {
          "optional": true
        },
        "@grpc/grpc-js": {
          "optional": true
        },
        "express": {
          "optional": true
        }
      }
    },
    "node_modules/@bufbuild/protobuf": {
      "version": "2.10.2",
      "resolved": "https://registry.npmjs.org/@bufbuild/protobuf/-/protobuf-2.10.2.tgz",
      "integrity": "sha512-uFsRXwIGyu+r6AMdz+XijIIZJYpoWeYzILt5yZ2d3mCjQrWUTVpVD9WL/jZAbvp+Ed04rOhrsk7FiTcEDseB5A==",
      "license": "(Apache-2.0 AND BSD-3-Clause)"
    },
    "node_modules/jose": {
      "version": "6.2.12",
      "resolved": "https://registry.npmjs.org/jose/-/jose-6.2.12.tgz",
      "integrity": "sha512-9NiFmJEex0sy2Dk58j2UGBSHgUs2ypF9eZSu4L6vjOX3Dp96Sw1F3uL+H+D1sx02jZZdzUT0HgvCy59CuvXcWw==",
      "license": "MIT",
      "funding": {
        "url": "https://github.com/sponsors/panva"
      }
    }
  }
}
